{
  "nodes": {
    "declarative-flatpak": {
      "locked": {
        "lastModified": 1759051580,
        "narHash": "sha256-MjIJINFFc+aokxDJIXawSP2kGNain4AJXTLo719ci5Q=",
        "owner": "in-a-dil-emma",
        "repo": "declarative-flatpak",
        "rev": "2b34c5d4281d0de59f7c25080bc26f76f6b1c63d",
        "type": "github"
      },
      "original": {
        "owner": "in-a-dil-emma",
        "ref": "v4.1.0",
        "repo": "declarative-flatpak",
        "type": "github"
      }
    },
    "erosanix": {
      "inputs": {
        "flake-compat": "flake-compat",
        "nixpkgs": "nixpkgs",
        "tiny-audio-player": "tiny-audio-player"
      },
      "locked": {
        "lastModified": 1771347729,
        "narHash": "sha256-FlmgIfxSdqWXmPxuLnOCL7NwqXsij56izpo31JZ3a2Y=",
        "owner": "emmanuelrosa",
        "repo": "erosanix",
        "rev": "5fbad454f9907299ac79a53ec0d2ff229d46f35a",
        "type": "github"
      },
      "original": {
        "owner": "emmanuelrosa",
        "repo": "erosanix",
        "type": "github"
      }
    },
    "flake-compat": {
      "flake": false,
      "locked": {
        "lastModified": 1673956053,
        "narHash": "sha256-4gtG9iQuiKITOjNQQeQIpoIB6b16fm+504Ch3sNKLd8=",
        "owner": "edolstra",
        "repo": "flake-compat",
        "rev": "35bb57c0c8d8b62bbfd284272c928ceb64ddbde9",
        "type": "github"
      },
      "original": {
        "owner": "edolstra",
        "repo": "flake-compat",
        "type": "github"
      }
    },
    "home-manager": {
      "inputs": {
        "nixpkgs": [
          "nixpkgs"
        ]
      },
      "locked": {
        "lastModified": 1770260404,
        "narHash": "sha256-3iVX1+7YUIt23hBx1WZsUllhbmP2EnXrV8tCRbLxHc8=",
        "owner": "nix-community",
        "repo": "home-manager",
        "rev": "0d782ee42c86b196acff08acfbf41bb7d13eed5b",
        "type": "github"
      },
      "original": {
        "owner": "nix-community",
        "ref": "release-25.11",
        "repo": "home-manager",
        "type": "github"
      }
    },
    "nixpkgs": {
      "locked": {
        "lastModified": 1769914019,
        "narHash": "sha256-w3TySosUsTuVdWAoHEVxvPIX42lCv/98Rmt5LRu3Bw8=",
        "owner": "NixOS",
        "repo": "nixpkgs",
        "rev": "17317ace7fb805f192bcf5595e41d18b09f9b497",
        "type": "github"
      },
      "original": {
        "owner": "NixOS",
        "ref": "master",
        "repo": "nixpkgs",
        "type": "github"
      }
    },
    "nixpkgs-unstable": {
      "locked": {
        "lastModified": 1771177547,
        "narHash": "sha256-trTtk3WTOHz7hSw89xIIvahkgoFJYQ0G43IlqprFoMA=",
        "owner": "NixOS",
        "repo": "nixpkgs",
        "rev": "ac055f38c798b0d87695240c7b761b82fc7e5bc2",
        "type": "github"
      },
      "original": {
        "owner": "NixOS",
        "ref": "nixpkgs-unstable",
        "repo": "nixpkgs",
        "type": "github"
      }
    },
    "nixpkgs_2": {
      "locked": {
        "lastModified": 1771208521,
        "narHash": "sha256-X01Q3DgSpjeBpapoGA4rzKOn25qdKxbPnxHeMLNoHTU=",
        "owner": "NixOS",
        "repo": "nixpkgs",
        "rev": "fa56d7d6de78f5a7f997b0ea2bc6efd5868ad9e8",
        "type": "github"
      },
      "original": {
        "owner": "NixOS",
        "ref": "nixos-25.11",
        "repo": "nixpkgs",
        "type": "github"
      }
    },
    "plasma-manager": {
      "inputs": {
        "home-manager": [
          "home-manager"
        ],
        "nixpkgs": [
          "nixpkgs"
        ]
      },
      "locked": {
        "lastModified": 1770766818,
        "narHash": "sha256-12RCFLyAedyMOdenUi7cN3ioJPEGjA/ZG1BLjugfUVs=",
        "owner": "nix-community",
        "repo": "plasma-manager",
        "rev": "44b928068359b7d2310a34de39555c63c93a2c90",
        "type": "github"
      },
      "original": {
        "owner": "nix-community",
        "repo": "plasma-manager",
        "type": "github"
      }
    },
    "root": {
      "inputs": {
        "declarative-flatpak": "declarative-flatpak",
        "erosanix": "erosanix",
        "home-manager": "home-manager",
        "nixpkgs": "nixpkgs_2",
        "nixpkgs-unstable": "nixpkgs-unstable",
        "plasma-manager": "plasma-manager"
      }
    },
    "tiny-audio-player": {
      "inputs": {
        "nixpkgs": [
          "erosanix",
          "nixpkgs"
        ]
      },
      "locked": {
        "lastModified": 1771101510,
        "narHash": "sha256-S5of51uyVJsU7QJ41S+HK4OhDhK1+e4mvHJbJAgMlf0=",
        "owner": "emmanuelrosa",
        "repo": "tiny_audio_player",
        "rev": "6b26f05b18c7db9137e9c0dea34f2a48ab2213ae",
        "type": "github"
      },
      "original": {
        "owner": "emmanuelrosa",
        "repo": "tiny_audio_player",
        "type": "github"
      }
    }
  },
  "root": "root",
  "version": 7
}
